{
  "originHash" : "9a5e5f95589e70b96a6972da44083c510165fd23ea979f5b811d93725bede97e",
  "pins" : [
    {
      "identity" : "vkid-ios-sdk",
      "kind" : "remoteSourceControl",
      "location" : "https://github.com/VKCOM/vkid-ios-sdk.git",
      "state" : {
        "revision" : "fe57f354da858be377e9090a79df04ac3dba399f",
        "version" : "2.2.1"
      }
    }
  ],
  "version" : 3
}
